
Microsoft Visual Studio Solution File, Format Version 12.00
# Visual Studio Version 17
VisualStudioVersion = 17.4.33403.182
MinimumVisualStudioVersion = 10.0.40219.1
Project("{FAE04EC0-301F-11D3-BF4B-00C04F79EFBC}") = "MeteorMayhem", "MeteorMayhem\MeteorMayhem.csproj", "{06031860-DFE5-4AA4-A661-FF11A448204A}"
EndProject
Global
	GlobalSection(SolutionConfigurationPlatforms) = preSolution
		Debug|Any CPU = Debug|Any CPU
		Release|Any CPU = Release|Any CPU
	EndGlobalSection
	GlobalSection(ProjectConfigurationPlatforms) = postSolution
		{06031860-DFE5-4AA4-A661-FF11A448204A}.Debug|Any CPU.ActiveCfg = Debug|Any CPU
		{06031860-DFE5-4AA4-A661-FF11A448204A}.Debug|Any CPU.Build.0 = Debug|Any CPU
		{06031860-DFE5-4AA4-A661-FF11A448204A}.Release|Any CPU.ActiveCfg = Release|Any CPU
		{06031860-DFE5-4AA4-A661-FF11A448204A}.Release|Any CPU.Build.0 = Release|Any CPU
	EndGlobalSection
	GlobalSection(SolutionProperties) = preSolution
		HideSolutionNode = FALSE
	EndGlobalSection
	GlobalSection(ExtensibilityGlobals) = postSolution
		SolutionGuid = {EE419CA7-D034-426B-880F-29E95C1940AA}
	EndGlobalSection
EndGlobal
